
Microsoft Visual Studio Solution File, Format Version 12.00
# Visual Studio Version 17
VisualStudioVersion = 17.4.33103.184
MinimumVisualStudioVersion = 10.0.40219.1
Project("{9A19103F-16F7-4668-BE54-9A1E7A4F7556}") = "SecuritySystem", "SecuritySystem\SecuritySystem.csproj", "{A1B61E1A-0B73-4D87-8AD8-BB8B9E147B28}"
	ProjectSection(ProjectDependencies) = postProject
		{C8F4623B-A7FB-4DDC-A07D-77D51508B4BF} = {C8F4623B-A7FB-4DDC-A07D-77D51508B4BF}
	EndProjectSection
EndProject
Project("{9A19103F-16F7-4668-BE54-9A1E7A4F7556}") = "MHSClientAvalonia", "MHSClientAvalonia\MHSClientAvalonia.csproj", "{C8F4623B-A7FB-4DDC-A07D-77D51508B4BF}"
EndProject
Project("{2150E333-8FDC-42A3-9474-1A3956D46DE8}") = "New Client", "New Client", "{25D0C9B0-5643-42B8-899F-09B108016504}"
EndProject
Project("{9A19103F-16F7-4668-BE54-9A1E7A4F7556}") = "MHSClientAvalonia.Desktop", "MHSClientAvalonia.Desktop\MHSClientAvalonia.Desktop.csproj", "{5373F2F1-AD0D-48BC-B170-45FC54CC745D}"
EndProject
Project("{9A19103F-16F7-4668-BE54-9A1E7A4F7556}") = "MHSClientAvalonia.Browser", "MHSClientAvalonia.Browser\MHSClientAvalonia.Browser.csproj", "{E0B706DC-D6CB-4868-8E34-9260279B714E}"
EndProject
Project("{D954291E-2A0B-460D-934E-DC6B0785DB48}") = "SecuritySystemApi", "MHSApi\SecuritySystemApi.shproj", "{A1F716C9-6246-4A58-898A-858E2CCD4F19}"
EndProject
Project("{9A19103F-16F7-4668-BE54-9A1E7A4F7556}") = "MHSClientAvalonia.Android", "MHSClientAvalonia.Android\MHSClientAvalonia.Android.csproj", "{4C064782-075B-4958-AE54-39B7A49F3DCF}"
EndProject
Global
	GlobalSection(SolutionConfigurationPlatforms) = preSolution
		Debug|Any CPU = Debug|Any CPU
		Release|Any CPU = Release|Any CPU
	EndGlobalSection
	GlobalSection(ProjectConfigurationPlatforms) = postSolution
		{A1B61E1A-0B73-4D87-8AD8-BB8B9E147B28}.Debug|Any CPU.ActiveCfg = Debug|Any CPU
		{A1B61E1A-0B73-4D87-8AD8-BB8B9E147B28}.Debug|Any CPU.Build.0 = Debug|Any CPU
		{A1B61E1A-0B73-4D87-8AD8-BB8B9E147B28}.Release|Any CPU.ActiveCfg = Release|Any CPU
		{A1B61E1A-0B73-4D87-8AD8-BB8B9E147B28}.Release|Any CPU.Build.0 = Release|Any CPU
		{C8F4623B-A7FB-4DDC-A07D-77D51508B4BF}.Debug|Any CPU.ActiveCfg = Debug|Any CPU
		{C8F4623B-A7FB-4DDC-A07D-77D51508B4BF}.Debug|Any CPU.Build.0 = Debug|Any CPU
		{C8F4623B-A7FB-4DDC-A07D-77D51508B4BF}.Release|Any CPU.ActiveCfg = Release|Any CPU
		{C8F4623B-A7FB-4DDC-A07D-77D51508B4BF}.Release|Any CPU.Build.0 = Release|Any CPU
		{5373F2F1-AD0D-48BC-B170-45FC54CC745D}.Debug|Any CPU.ActiveCfg = Debug|Any CPU
		{5373F2F1-AD0D-48BC-B170-45FC54CC745D}.Debug|Any CPU.Build.0 = Debug|Any CPU
		{5373F2F1-AD0D-48BC-B170-45FC54CC745D}.Release|Any CPU.ActiveCfg = Release|Any CPU
		{5373F2F1-AD0D-48BC-B170-45FC54CC745D}.Release|Any CPU.Build.0 = Release|Any CPU
		{E0B706DC-D6CB-4868-8E34-9260279B714E}.Debug|Any CPU.ActiveCfg = Debug|Any CPU
		{E0B706DC-D6CB-4868-8E34-9260279B714E}.Debug|Any CPU.Build.0 = Debug|Any CPU
		{E0B706DC-D6CB-4868-8E34-9260279B714E}.Release|Any CPU.ActiveCfg = Release|Any CPU
		{E0B706DC-D6CB-4868-8E34-9260279B714E}.Release|Any CPU.Build.0 = Release|Any CPU
		{4C064782-075B-4958-AE54-39B7A49F3DCF}.Debug|Any CPU.ActiveCfg = Debug|Any CPU
		{4C064782-075B-4958-AE54-39B7A49F3DCF}.Debug|Any CPU.Build.0 = Debug|Any CPU
		{4C064782-075B-4958-AE54-39B7A49F3DCF}.Debug|Any CPU.Deploy.0 = Debug|Any CPU
		{4C064782-075B-4958-AE54-39B7A49F3DCF}.Release|Any CPU.ActiveCfg = Release|Any CPU
		{4C064782-075B-4958-AE54-39B7A49F3DCF}.Release|Any CPU.Build.0 = Release|Any CPU
		{4C064782-075B-4958-AE54-39B7A49F3DCF}.Release|Any CPU.Deploy.0 = Release|Any CPU
	EndGlobalSection
	GlobalSection(SolutionProperties) = preSolution
		HideSolutionNode = FALSE
	EndGlobalSection
	GlobalSection(NestedProjects) = preSolution
		{C8F4623B-A7FB-4DDC-A07D-77D51508B4BF} = {25D0C9B0-5643-42B8-899F-09B108016504}
		{5373F2F1-AD0D-48BC-B170-45FC54CC745D} = {25D0C9B0-5643-42B8-899F-09B108016504}
		{E0B706DC-D6CB-4868-8E34-9260279B714E} = {25D0C9B0-5643-42B8-899F-09B108016504}
		{4C064782-075B-4958-AE54-39B7A49F3DCF} = {25D0C9B0-5643-42B8-899F-09B108016504}
	EndGlobalSection
	GlobalSection(ExtensibilityGlobals) = postSolution
		SolutionGuid = {44CD27DC-7F8E-4114-A217-D35BAA28DAA4}
	EndGlobalSection
	GlobalSection(SharedMSBuildProjectFiles) = preSolution
		MHSApi\MHSApi.projitems*{5373f2f1-ad0d-48bc-b170-45fc54cc745d}*SharedItemsImports = 5
		MHSApi\MHSApi.projitems*{a1b61e1a-0b73-4d87-8ad8-bb8b9e147b28}*SharedItemsImports = 5
		MHSApi\MHSApi.projitems*{a1f716c9-6246-4a58-898a-858e2ccd4f19}*SharedItemsImports = 13
		MHSApi\MHSApi.projitems*{c8f4623b-a7fb-4ddc-a07d-77d51508b4bf}*SharedItemsImports = 5
	EndGlobalSection
EndGlobal
